
Microsoft Visual Studio Solution File, Format Version 12.00
# Visual Studio Version 17
VisualStudioVersion = 17.14.36511.14 d17.14
MinimumVisualStudioVersion = 10.0.40219.1
Project("{FAE04EC0-301F-11D3-BF4B-00C04F79EFBC}") = "CodeQuest", "CodeQuest.csproj", "{9505E873-3E0B-431E-AEBC-5E7A210D9B07}"
EndProject
Global
	GlobalSection(SolutionConfigurationPlatforms) = preSolution
		Debug|Any CPU = Debug|Any CPU
		Release|Any CPU = Release|Any CPU
	EndGlobalSection
	GlobalSection(ProjectConfigurationPlatforms) = postSolution
		{9505E873-3E0B-431E-AEBC-5E7A210D9B07}.Debug|Any CPU.ActiveCfg = Debug|Any CPU
		{9505E873-3E0B-431E-AEBC-5E7A210D9B07}.Debug|Any CPU.Build.0 = Debug|Any CPU
		{9505E873-3E0B-431E-AEBC-5E7A210D9B07}.Release|Any CPU.ActiveCfg = Release|Any CPU
		{9505E873-3E0B-431E-AEBC-5E7A210D9B07}.Release|Any CPU.Build.0 = Release|Any CPU
	EndGlobalSection
	GlobalSection(SolutionProperties) = preSolution
		HideSolutionNode = FALSE
	EndGlobalSection
	GlobalSection(ExtensibilityGlobals) = postSolution
		SolutionGuid = {CBC5C7B3-64A9-4EA6-8AE2-11FE6BE650BE}
	EndGlobalSection
EndGlobal
